
Microsoft Visual Studio Solution File, Format Version 12.00
# Visual Studio Version 17
VisualStudioVersion = 17.3.32825.248
MinimumVisualStudioVersion = 10.0.40219.1
Project("{9A19103F-16F7-4668-BE54-9A1E7A4F7556}") = "AutoTest.WebMvc", "AutoTest.WebMvc\AutoTest.WebMvc.csproj", "{206A0EF2-8EF7-4194-9FDD-9867DB194F21}"
EndProject
Global
	GlobalSection(SolutionConfigurationPlatforms) = preSolution
		Debug|Any CPU = Debug|Any CPU
		Release|Any CPU = Release|Any CPU
	EndGlobalSection
	GlobalSection(ProjectConfigurationPlatforms) = postSolution
		{206A0EF2-8EF7-4194-9FDD-9867DB194F21}.Debug|Any CPU.ActiveCfg = Debug|Any CPU
		{206A0EF2-8EF7-4194-9FDD-9867DB194F21}.Debug|Any CPU.Build.0 = Debug|Any CPU
		{206A0EF2-8EF7-4194-9FDD-9867DB194F21}.Release|Any CPU.ActiveCfg = Release|Any CPU
		{206A0EF2-8EF7-4194-9FDD-9867DB194F21}.Release|Any CPU.Build.0 = Release|Any CPU
	EndGlobalSection
	GlobalSection(SolutionProperties) = preSolution
		HideSolutionNode = FALSE
	EndGlobalSection
	GlobalSection(ExtensibilityGlobals) = postSolution
		SolutionGuid = {6CE79538-CCCF-4E5A-A514-87B528BF4D11}
	EndGlobalSection
EndGlobal
